// !$*UTF8*$!
{
	archiveVersion = 1;
	classes = {
	};
	objectVersion = 48;
	objects = {

/* Begin PBXBuildFile section */
		4CB1D5E320566D5700C6B911 /* AppManager.swift in Sources */ = {isa = PBXBuildFile; fileRef = 4CB1D5E220566D5700C6B911 /* AppManager.swift */; };
		849BD9DE2053D589004915A8 /* AddDataViewController.swift in Sources */ = {isa = PBXBuildFile; fileRef = 849BD9DD2053D589004915A8 /* AddDataViewController.swift */; };
		84DBE5D32053C906006A23CE /* Main.storyboard in Resources */ = {isa = PBXBuildFile; fileRef = 84DBE5D22053C906006A23CE /* Main.storyboard */; };
		84F945FB2053B8BD00F940DD /* AppDelegate.swift in Sources */ = {isa = PBXBuildFile; fileRef = 84F945FA2053B8BD00F940DD /* AppDelegate.swift */; };
		84F945FD2053B8BD00F940DD /* ViewController.swift in Sources */ = {isa = PBXBuildFile; fileRef = 84F945FC2053B8BD00F940DD /* ViewController.swift */; };
		84F946032053B8BD00F940DD /* RestaurentSample.xcdatamodeld in Sources */ = {isa = PBXBuildFile; fileRef = 84F946012053B8BD00F940DD /* RestaurentSample.xcdatamodeld */; };
		84F946052053B8BD00F940DD /* Assets.xcassets in Resources */ = {isa = PBXBuildFile; fileRef = 84F946042053B8BD00F940DD /* Assets.xcassets */; };
		84F946082053B8BD00F940DD /* LaunchScreen.storyboard in Resources */ = {isa = PBXBuildFile; fileRef = 84F946062053B8BD00F940DD /* LaunchScreen.storyboard */; };
		84F946132053B8BD00F940DD /* RestaurentSampleTests.swift in Sources */ = {isa = PBXBuildFile; fileRef = 84F946122053B8BD00F940DD /* RestaurentSampleTests.swift */; };
		84F9461E2053B8BD00F940DD /* RestaurentSampleUITests.swift in Sources */ = {isa = PBXBuildFile; fileRef = 84F9461D2053B8BD00F940DD /* RestaurentSampleUITests.swift */; };
		84F9462C2053BCBF00F940DD /* WaitingListViewController.swift in Sources */ = {isa = PBXBuildFile; fileRef = 84F9462B2053BCBF00F940DD /* WaitingListViewController.swift */; };
		84F9462E2053BE1C00F940DD /* WaitingListCell.swift in Sources */ = {isa = PBXBuildFile; fileRef = 84F9462D2053BE1C00F940DD /* WaitingListCell.swift */; };
		84F946302053C2B400F940DD /* WaitingData.swift in Sources */ = {isa = PBXBuildFile; fileRef = 84F9462F2053C2B400F940DD /* WaitingData.swift */; };
/* End PBXBuildFile section */

/* Begin PBXContainerItemProxy section */
		84F9460F2053B8BD00F940DD /* PBXContainerItemProxy */ = {
			isa = PBXContainerItemProxy;
			containerPortal = 84F945EF2053B8BD00F940DD /* Project object */;
			proxyType = 1;
			remoteGlobalIDString = 84F945F62053B8BD00F940DD;
			remoteInfo = RestaurentSample;
		};
		84F9461A2053B8BD00F940DD /* PBXContainerItemProxy */ = {
			isa = PBXContainerItemProxy;
			containerPortal = 84F945EF2053B8BD00F940DD /* Project object */;
			proxyType = 1;
			remoteGlobalIDString = 84F945F62053B8BD00F940DD;
			remoteInfo = RestaurentSample;
		};
/* End PBXContainerItemProxy section */

/* Begin PBXFileReference section */
		4CB1D5E220566D5700C6B911 /* AppManager.swift */ = {isa = PBXFileReference; lastKnownFileType = sourcecode.swift; path = AppManager.swift; sourceTree = "<group>"; };
		849BD9DD2053D589004915A8 /* AddDataViewController.swift */ = {isa = PBXFileReference; lastKnownFileType = sourcecode.swift; path = AddDataViewController.swift; sourceTree = "<group>"; };
		84DBE5D22053C906006A23CE /* Main.storyboard */ = {isa = PBXFileReference; lastKnownFileType = file.storyboard; name = Main.storyboard; path = ../Main.storyboard; sourceTree = "<group>"; };
		84F945F72053B8BD00F940DD /* RestaurentSample.app */ = {isa = PBXFileReference; explicitFileType = wrapper.application; includeInIndex = 0; path = RestaurentSample.app; sourceTree = BUILT_PRODUCTS_DIR; };
		84F945FA2053B8BD00F940DD /* AppDelegate.swift */ = {isa = PBXFileReference; lastKnownFileType = sourcecode.swift; path = AppDelegate.swift; sourceTree = "<group>"; };
		84F945FC2053B8BD00F940DD /* ViewController.swift */ = {isa = PBXFileReference; lastKnownFileType = sourcecode.swift; path = ViewController.swift; sourceTree = "<group>"; };
		84F946022053B8BD00F940DD /* RestaurentSample.xcdatamodel */ = {isa = PBXFileReference; lastKnownFileType = wrapper.xcdatamodel; path = RestaurentSample.xcdatamodel; sourceTree = "<group>"; };
		84F946042053B8BD00F940DD /* Assets.xcassets */ = {isa = PBXFileReference; lastKnownFileType = folder.assetcatalog; path = Assets.xcassets; sourceTree = "<group>"; };
		84F946072053B8BD00F940DD /* Base */ = {isa = PBXFileReference; lastKnownFileType = file.storyboard; name = Base; path = Base.lproj/LaunchScreen.storyboard; sourceTree = "<group>"; };
		84F946092053B8BD00F940DD /* Info.plist */ = {isa = PBXFileReference; lastKnownFileType = text.plist.xml; path = Info.plist; sourceTree = "<group>"; };
		84F9460E2053B8BD00F940DD /* RestaurentSampleTests.xctest */ = {isa = PBXFileReference; explicitFileType = wrapper.cfbundle; includeInIndex = 0; path = RestaurentSampleTests.xctest; sourceTree = BUILT_PRODUCTS_DIR; };
		84F946122053B8BD00F940DD /* RestaurentSampleTests.swift */ = {isa = PBXFileReference; lastKnownFileType = sourcecode.swift; path = RestaurentSampleTests.swift; sourceTree = "<group>"; };
		84F946142053B8BD00F940DD /* Info.plist */ = {isa = PBXFileReference; lastKnownFileType = text.plist.xml; path = Info.plist; sourceTree = "<group>"; };
		84F946192053B8BD00F940DD /* RestaurentSampleUITests.xctest */ = {isa = PBXFileReference; explicitFileType = wrapper.cfbundle; includeInIndex = 0; path = RestaurentSampleUITests.xctest; sourceTree = BUILT_PRODUCTS_DIR; };
		84F9461D2053B8BD00F940DD /* RestaurentSampleUITests.swift */ = {isa = PBXFileReference; lastKnownFileType = sourcecode.swift; path = RestaurentSampleUITests.swift; sourceTree = "<group>"; };
		84F9461F2053B8BD00F940DD /* Info.plist */ = {isa = PBXFileReference; lastKnownFileType = text.plist.xml; path = Info.plist; sourceTree = "<group>"; };
		84F9462B2053BCBF00F940DD /* WaitingListViewController.swift */ = {isa = PBXFileReference; lastKnownFileType = sourcecode.swift; path = WaitingListViewController.swift; sourceTree = "<group>"; };
		84F9462D2053BE1C00F940DD /* WaitingListCell.swift */ = {isa = PBXFileReference; lastKnownFileType = sourcecode.swift; path = WaitingListCell.swift; sourceTree = "<group>"; };
		84F9462F2053C2B400F940DD /* WaitingData.swift */ = {isa = PBXFileReference; lastKnownFileType = sourcecode.swift; path = WaitingData.swift; sourceTree = "<group>"; };
/* End PBXFileReference section */

/* Begin PBXFrameworksBuildPhase section */
		84F945F42053B8BD00F940DD /* Frameworks */ = {
			isa = PBXFrameworksBuildPhase;
			buildActionMask = 2147483647;
			files = (
			);
			runOnlyForDeploymentPostprocessing = 0;
		};
		84F9460B2053B8BD00F940DD /* Frameworks */ = {
			isa = PBXFrameworksBuildPhase;
			buildActionMask = 2147483647;
			files = (
			);
			runOnlyForDeploymentPostprocessing = 0;
		};
		84F946162053B8BD00F940DD /* Frameworks */ = {
			isa = PBXFrameworksBuildPhase;
			buildActionMask = 2147483647;
			files = (
			);
			runOnlyForDeploymentPostprocessing = 0;
		};
/* End PBXFrameworksBuildPhase section */

/* Begin PBXGroup section */
		84F945EE2053B8BD00F940DD = {
			isa = PBXGroup;
			children = (
				84F945F92053B8BD00F940DD /* RestaurentSample */,
				84F946112053B8BD00F940DD /* RestaurentSampleTests */,
				84F9461C2053B8BD00F940DD /* RestaurentSampleUITests */,
				84F945F82053B8BD00F940DD /* Products */,
			);
			sourceTree = "<group>";
		};
		84F945F82053B8BD00F940DD /* Products */ = {
			isa = PBXGroup;
			children = (
				84F945F72053B8BD00F940DD /* RestaurentSample.app */,
				84F9460E2053B8BD00F940DD /* RestaurentSampleTests.xctest */,
				84F946192053B8BD00F940DD /* RestaurentSampleUITests.xctest */,
			);
			name = Products;
			sourceTree = "<group>";
		};
		84F945F92053B8BD00F940DD /* RestaurentSample */ = {
			isa = PBXGroup;
			children = (
				84DBE5D22053C906006A23CE /* Main.storyboard */,
				84F945FA2053B8BD00F940DD /* AppDelegate.swift */,
				84F945FC2053B8BD00F940DD /* ViewController.swift */,
				84F946042053B8BD00F940DD /* Assets.xcassets */,
				84F946062053B8BD00F940DD /* LaunchScreen.storyboard */,
				84F946092053B8BD00F940DD /* Info.plist */,
				84F946012053B8BD00F940DD /* RestaurentSample.xcdatamodeld */,
				84F9462B2053BCBF00F940DD /* WaitingListViewController.swift */,
				84F9462D2053BE1C00F940DD /* WaitingListCell.swift */,
				84F9462F2053C2B400F940DD /* WaitingData.swift */,
				849BD9DD2053D589004915A8 /* AddDataViewController.swift */,
				4CB1D5E220566D5700C6B911 /* AppManager.swift */,
			);
			path = RestaurentSample;
			sourceTree = "<group>";
		};
		84F946112053B8BD00F940DD /* RestaurentSampleTests */ = {
			isa = PBXGroup;
			children = (
				84F946122053B8BD00F940DD /* RestaurentSampleTests.swift */,
				84F946142053B8BD00F940DD /* Info.plist */,
			);
			path = RestaurentSampleTests;
			sourceTree = "<group>";
		};
		84F9461C2053B8BD00F940DD /* RestaurentSampleUITests */ = {
			isa = PBXGroup;
			children = (
				84F9461D2053B8BD00F940DD /* RestaurentSampleUITests.swift */,
				84F9461F2053B8BD00F940DD /* Info.plist */,
			);
			path = RestaurentSampleUITests;
			sourceTree = "<group>";
		};
/* End PBXGroup section */

/* Begin PBXNativeTarget section */
		84F945F62053B8BD00F940DD /* RestaurentSample */ = {
			isa = PBXNativeTarget;
			buildConfigurationList = 84F946222053B8BD00F940DD /* Build configuration list for PBXNativeTarget "RestaurentSample" */;
			buildPhases = (
				84F945F32053B8BD00F940DD /* Sources */,
				84F945F42053B8BD00F940DD /* Frameworks */,
				84F945F52053B8BD00F940DD /* Resources */,
			);
			buildRules = (
			);
			dependencies = (
			);
			name = RestaurentSample;
			productName = RestaurentSample;
			productReference = 84F945F72053B8BD00F940DD /* RestaurentSample.app */;
			productType = "com.apple.product-type.application";
		};
		84F9460D2053B8BD00F940DD /* RestaurentSampleTests */ = {
			isa = PBXNativeTarget;
			buildConfigurationList = 84F946252053B8BD00F940DD /* Build configuration list for PBXNativeTarget "RestaurentSampleTests" */;
			buildPhases = (
				84F9460A2053B8BD00F940DD /* Sources */,
				84F9460B2053B8BD00F940DD /* Frameworks */,
				84F9460C2053B8BD00F940DD /* Resources */,
			);
			buildRules = (
			);
			dependencies = (
				84F946102053B8BD00F940DD /* PBXTargetDependency */,
			);
			name = RestaurentSampleTests;
			productName = RestaurentSampleTests;
			productReference = 84F9460E2053B8BD00F940DD /* RestaurentSampleTests.xctest */;
			productType = "com.apple.product-type.bundle.unit-test";
		};
		84F946182053B8BD00F940DD /* RestaurentSampleUITests */ = {
			isa = PBXNativeTarget;
			buildConfigurationList = 84F946282053B8BD00F940DD /* Build configuration list for PBXNativeTarget "RestaurentSampleUITests" */;
			buildPhases = (
				84F946152053B8BD00F940DD /* Sources */,
				84F946162053B8BD00F940DD /* Frameworks */,
				84F946172053B8BD00F940DD /* Resources */,
			);
			buildRules = (
			);
			dependencies = (
				84F9461B2053B8BD00F940DD /* PBXTargetDependency */,
			);
			name = RestaurentSampleUITests;
			productName = RestaurentSampleUITests;
			productReference = 84F946192053B8BD00F940DD /* RestaurentSampleUITests.xctest */;
			productType = "com.apple.product-type.bundle.ui-testing";
		};
/* End PBXNativeTarget section */

/* Begin PBXProject section */
		84F945EF2053B8BD00F940DD /* Project object */ = {
			isa = PBXProject;
			attributes = {
				LastSwiftUpdateCheck = 0920;
				LastUpgradeCheck = 0920;
				ORGANIZATIONNAME = admin;
				TargetAttributes = {
					84F945F62053B8BD00F940DD = {
						CreatedOnToolsVersion = 9.2;
						ProvisioningStyle = Automatic;
					};
					84F9460D2053B8BD00F940DD = {
						CreatedOnToolsVersion = 9.2;
						ProvisioningStyle = Automatic;
						TestTargetID = 84F945F62053B8BD00F940DD;
					};
					84F946182053B8BD00F940DD = {
						CreatedOnToolsVersion = 9.2;
						ProvisioningStyle = Automatic;
						TestTargetID = 84F945F62053B8BD00F940DD;
					};
				};
			};
			buildConfigurationList = 84F945F22053B8BD00F940DD /* Build configuration list for PBXProject "RestaurentSample" */;
			compatibilityVersion = "Xcode 8.0";
			developmentRegion = en;
			hasScannedForEncodings = 0;
			knownRegions = (
				en,
				Base,
			);
			mainGroup = 84F945EE2053B8BD00F940DD;
			productRefGroup = 84F945F82053B8BD00F940DD /* Products */;
			projectDirPath = "";
			projectRoot = "";
			targets = (
				84F945F62053B8BD00F940DD /* RestaurentSample */,
				84F9460D2053B8BD00F940DD /* RestaurentSampleTests */,
				84F946182053B8BD00F940DD /* RestaurentSampleUITests */,
			);
		};
/* End PBXProject section */

/* Begin PBXResourcesBuildPhase section */
		84F945F52053B8BD00F940DD /* Resources */ = {
			isa = PBXResourcesBuildPhase;
			buildActionMask = 2147483647;
			files = (
				84DBE5D32053C906006A23CE /* Main.storyboard in Resources */,
				84F946082053B8BD00F940DD /* LaunchScreen.storyboard in Resources */,
				84F946052053B8BD00F940DD /* Assets.xcassets in Resources */,
			);
			runOnlyForDeploymentPostprocessing = 0;
		};
		84F9460C2053B8BD00F940DD /* Resources */ = {
			isa = PBXResourcesBuildPhase;
			buildActionMask = 2147483647;
			files = (
			);
			runOnlyForDeploymentPostprocessing = 0;
		};
		84F946172053B8BD00F940DD /* Resources */ = {
			isa = PBXResourcesBuildPhase;
			buildActionMask = 2147483647;
			files = (
			);
			runOnlyForDeploymentPostprocessing = 0;
		};
/* End PBXResourcesBuildPhase section */

/* Begin PBXSourcesBuildPhase section */
		84F945F32053B8BD00F940DD /* Sources */ = {
			isa = PBXSourcesBuildPhase;
			buildActionMask = 2147483647;
			files = (
				84F9462C2053BCBF00F940DD /* WaitingListViewController.swift in Sources */,
				84F9462E2053BE1C00F940DD /* WaitingListCell.swift in Sources */,
				84F945FD2053B8BD00F940DD /* ViewController.swift in Sources */,
				84F946302053C2B400F940DD /* WaitingData.swift in Sources */,
				849BD9DE2053D589004915A8 /* AddDataViewController.swift in Sources */,
				84F945FB2053B8BD00F940DD /* AppDelegate.swift in Sources */,
				84F946032053B8BD00F940DD /* RestaurentSample.xcdatamodeld in Sources */,
				4CB1D5E320566D5700C6B911 /* AppManager.swift in Sources */,
			);
			runOnlyForDeploymentPostprocessing = 0;
		};
		84F9460A2053B8BD00F940DD /* Sources */ = {
			isa = PBXSourcesBuildPhase;
			buildActionMask = 2147483647;
			files = (
				84F946132053B8BD00F940DD /* RestaurentSampleTests.swift in Sources */,
			);
			runOnlyForDeploymentPostprocessing = 0;
		};
		84F946152053B8BD00F940DD /* Sources */ = {
			isa = PBXSourcesBuildPhase;
			buildActionMask = 2147483647;
			files = (
				84F9461E2053B8BD00F940DD /* RestaurentSampleUITests.swift in Sources */,
			);
			runOnlyForDeploymentPostprocessing = 0;
		};
/* End PBXSourcesBuildPhase section */

/* Begin PBXTargetDependency section */
		84F946102053B8BD00F940DD /* PBXTargetDependency */ = {
			isa = PBXTargetDependency;
			target = 84F945F62053B8BD00F940DD /* RestaurentSample */;
			targetProxy = 84F9460F2053B8BD00F940DD /* PBXContainerItemProxy */;
		};
		84F9461B2053B8BD00F940DD /* PBXTargetDependency */ = {
			isa = PBXTargetDependency;
			target = 84F945F62053B8BD00F940DD /* RestaurentSample */;
			targetProxy = 84F9461A2053B8BD00F940DD /* PBXContainerItemProxy */;
		};
/* End PBXTargetDependency section */

/* Begin PBXVariantGroup section */
		84F946062053B8BD00F940DD /* LaunchScreen.storyboard */ = {
			isa = PBXVariantGroup;
			children = (
				84F946072053B8BD00F940DD /* Base */,
			);
			name = LaunchScreen.storyboard;
			sourceTree = "<group>";
		};
/* End PBXVariantGroup section */

/* Begin XCBuildConfiguration section */
		84F946202053B8BD00F940DD /* Debug */ = {
			isa = XCBuildConfiguration;
			buildSettings = {
				ALWAYS_SEARCH_USER_PATHS = NO;
				CLANG_ANALYZER_NONNULL = YES;
				CLANG_ANALYZER_NUMBER_OBJECT_CONVERSION = YES_AGGRESSIVE;
				CLANG_CXX_LANGUAGE_STANDARD = "gnu++14";
				CLANG_CXX_LIBRARY = "libc++";
				CLANG_ENABLE_MODULES = YES;
				CLANG_ENABLE_OBJC_ARC = YES;
				CLANG_WARN_BLOCK_CAPTURE_AUTORELEASING = YES;
				CLANG_WARN_BOOL_CONVERSION = YES;
				CLANG_WARN_COMMA = YES;
				CLANG_WARN_CONSTANT_CONVERSION = YES;
				CLANG_WARN_DIRECT_OBJC_ISA_USAGE = YES_ERROR;
				CLANG_WARN_DOCUMENTATION_COMMENTS = YES;
				CLANG_WARN_EMPTY_BODY = YES;
				CLANG_WARN_ENUM_CONVERSION = YES;
				CLANG_WARN_INFINITE_RECURSION = YES;
				CLANG_WARN_INT_CONVERSION = YES;
				CLANG_WARN_NON_LITERAL_NULL_CONVERSION = YES;
				CLANG_WARN_OBJC_LITERAL_CONVERSION = YES;
				CLANG_WARN_OBJC_ROOT_CLASS = YES_ERROR;
				CLANG_WARN_RANGE_LOOP_ANALYSIS = YES;
				CLANG_WARN_STRICT_PROTOTYPES = YES;
				CLANG_WARN_SUSPICIOUS_MOVE = YES;
				CLANG_WARN_UNGUARDED_AVAILABILITY = YES_AGGRESSIVE;
				CLANG_WARN_UNREACHABLE_CODE = YES;
				CLANG_WARN__DUPLICATE_METHOD_MATCH = YES;
				CODE_SIGN_IDENTITY = "iPhone Developer";
				COPY_PHASE_STRIP = NO;
				DEBUG_INFORMATION_FORMAT = dwarf;
				ENABLE_STRICT_OBJC_MSGSEND = YES;
				ENABLE_TESTABILITY = YES;
				GCC_C_LANGUAGE_STANDARD = gnu11;
				GCC_DYNAMIC_NO_PIC = NO;
				GCC_NO_COMMON_BLOCKS = YES;
				GCC_OPTIMIZATION_LEVEL = 0;
				GCC_PREPROCESSOR_DEFINITIONS = (
					"DEBUG=1",
					"$(inherited)",
				);
				GCC_WARN_64_TO_32_BIT_CONVERSION = YES;
				GCC_WARN_ABOUT_RETURN_TYPE = YES_ERROR;
				GCC_WARN_UNDECLARED_SELECTOR = YES;
				GCC_WARN_UNINITIALIZED_AUTOS = YES_AGGRESSIVE;
				GCC_WARN_UNUSED_FUNCTION = YES;
				GCC_WARN_UNUSED_VARIABLE = YES;
				IPHONEOS_DEPLOYMENT_TARGET = 11.2;
				MTL_ENABLE_DEBUG_INFO = YES;
				ONLY_ACTIVE_ARCH = YES;
				SDKROOT = iphoneos;
				SWIFT_ACTIVE_COMPILATION_CONDITIONS = DEBUG;
				SWIFT_OPTIMIZATION_LEVEL = "-Onone";
			};
			name = Debug;
		};
		84F946212053B8BD00F940DD /* Release */ = {
			isa = XCBuildConfiguration;
			buildSettings = {
				ALWAYS_SEARCH_USER_PATHS = NO;
				CLANG_ANALYZER_NONNULL = YES;
				CLANG_ANALYZER_NUMBER_OBJECT_CONVERSION = YES_AGGRESSIVE;
				CLANG_CXX_LANGUAGE_STANDARD = "gnu++14";
				CLANG_CXX_LIBRARY = "libc++";
				CLANG_ENABLE_MODULES = YES;
				CLANG_ENABLE_OBJC_ARC = YES;
				CLANG_WARN_BLOCK_CAPTURE_AUTORELEASING = YES;
				CLANG_WARN_BOOL_CONVERSION = YES;
				CLANG_WARN_COMMA = YES;
				CLANG_WARN_CONSTANT_CONVERSION = YES;
				CLANG_WARN_DIRECT_OBJC_ISA_USAGE = YES_ERROR;
				CLANG_WARN_DOCUMENTATION_COMMENTS = YES;
				CLANG_WARN_EMPTY_BODY = YES;
				CLANG_WARN_ENUM_CONVERSION = YES;
				CLANG_WARN_INFINITE_RECURSION = YES;
				CLANG_WARN_INT_CONVERSION = YES;
				CLANG_WARN_NON_LITERAL_NULL_CONVERSION = YES;
				CLANG_WARN_OBJC_LITERAL_CONVERSION = YES;
				CLANG_WARN_OBJC_ROOT_CLASS = YES_ERROR;
				CLANG_WARN_RANGE_LOOP_ANALYSIS = YES;
				CLANG_WARN_STRICT_PROTOTYPES = YES;
				CLANG_WARN_SUSPICIOUS_MOVE = YES;
				CLANG_WARN_UNGUARDED_AVAILABILITY = YES_AGGRESSIVE;
				CLANG_WARN_UNREACHABLE_CODE = YES;
				CLANG_WARN__DUPLICATE_METHOD_MATCH = YES;
				CODE_SIGN_IDENTITY = "iPhone Developer";
				COPY_PHASE_STRIP = NO;
				DEBUG_INFORMATION_FORMAT = "dwarf-with-dsym";
				ENABLE_NS_ASSERTIONS = NO;
				ENABLE_STRICT_OBJC_MSGSEND = YES;
				GCC_C_LANGUAGE_STANDARD = gnu11;
				GCC_NO_COMMON_BLOCKS = YES;
				GCC_WARN_64_TO_32_BIT_CONVERSION = YES;
				GCC_WARN_ABOUT_RETURN_TYPE = YES_ERROR;
				GCC_WARN_UNDECLARED_SELECTOR = YES;
				GCC_WARN_UNINITIALIZED_AUTOS = YES_AGGRESSIVE;
				GCC_WARN_UNUSED_FUNCTION = YES;
				GCC_WARN_UNUSED_VARIABLE = YES;
				IPHONEOS_DEPLOYMENT_TARGET = 11.2;
				MTL_ENABLE_DEBUG_INFO = NO;
				SDKROOT = iphoneos;
				SWIFT_OPTIMIZATION_LEVEL = "-Owholemodule";
				VALIDATE_PRODUCT = YES;
			};
			name = Release;
		};
		84F946232053B8BD00F940DD /* Debug */ = {
			isa = XCBuildConfiguration;
			buildSettings = {
				ASSETCATALOG_COMPILER_APPICON_NAME = AppIcon;
				CODE_SIGN_STYLE = Automatic;
				DEVELOPMENT_TEAM = RXS4X8DS6V;
				INFOPLIST_FILE = RestaurentSample/Info.plist;
				LD_RUNPATH_SEARCH_PATHS = "$(inherited) @executable_path/Frameworks";
				PRODUCT_BUNDLE_IDENTIFIER = com.hotstar.com.RestaurentSample;
				PRODUCT_NAME = "$(TARGET_NAME)";
				SWIFT_VERSION = 4.0;
				TARGETED_DEVICE_FAMILY = "1,2";
			};
			name = Debug;
		};
		84F946242053B8BD00F940DD /* Release */ = {
			isa = XCBuildConfiguration;
			buildSettings = {
				ASSETCATALOG_COMPILER_APPICON_NAME = AppIcon;
				CODE_SIGN_STYLE = Automatic;
				DEVELOPMENT_TEAM = RXS4X8DS6V;
				INFOPLIST_FILE = RestaurentSample/Info.plist;
				LD_RUNPATH_SEARCH_PATHS = "$(inherited) @executable_path/Frameworks";
				PRODUCT_BUNDLE_IDENTIFIER = com.hotstar.com.RestaurentSample;
				PRODUCT_NAME = "$(TARGET_NAME)";
				SWIFT_VERSION = 4.0;
				TARGETED_DEVICE_FAMILY = "1,2";
			};
			name = Release;
		};
		84F946262053B8BD00F940DD /* Debug */ = {
			isa = XCBuildConfiguration;
			buildSettings = {
				ALWAYS_EMBED_SWIFT_STANDARD_LIBRARIES = YES;
				BUNDLE_LOADER = "$(TEST_HOST)";
				CODE_SIGN_STYLE = Automatic;
				INFOPLIST_FILE = RestaurentSampleTests/Info.plist;
				LD_RUNPATH_SEARCH_PATHS = "$(inherited) @executable_path/Frameworks @loader_path/Frameworks";
				PRODUCT_BUNDLE_IDENTIFIER = com.hotstar.com.RestaurentSampleTests;
				PRODUCT_NAME = "$(TARGET_NAME)";
				SWIFT_VERSION = 4.0;
				TARGETED_DEVICE_FAMILY = "1,2";
				TEST_HOST = "$(BUILT_PRODUCTS_DIR)/RestaurentSample.app/RestaurentSample";
			};
			name = Debug;
		};
		84F946272053B8BD00F940DD /* Release */ = {
			isa = XCBuildConfiguration;
			buildSettings = {
				ALWAYS_EMBED_SWIFT_STANDARD_LIBRARIES = YES;
				BUNDLE_LOADER = "$(TEST_HOST)";
				CODE_SIGN_STYLE = Automatic;
				INFOPLIST_FILE = RestaurentSampleTests/Info.plist;
				LD_RUNPATH_SEARCH_PATHS = "$(inherited) @executable_path/Frameworks @loader_path/Frameworks";
				PRODUCT_BUNDLE_IDENTIFIER = com.hotstar.com.RestaurentSampleTests;
				PRODUCT_NAME = "$(TARGET_NAME)";
				SWIFT_VERSION = 4.0;
				TARGETED_DEVICE_FAMILY = "1,2";
				TEST_HOST = "$(BUILT_PRODUCTS_DIR)/RestaurentSample.app/RestaurentSample";
			};
			name = Release;
		};
		84F946292053B8BD00F940DD /* Debug */ = {
			isa = XCBuildConfiguration;
			buildSettings = {
				ALWAYS_EMBED_SWIFT_STANDARD_LIBRARIES = YES;
				CODE_SIGN_STYLE = Automatic;
				INFOPLIST_FILE = RestaurentSampleUITests/Info.plist;
				LD_RUNPATH_SEARCH_PATHS = "$(inherited) @executable_path/Frameworks @loader_path/Frameworks";
				PRODUCT_BUNDLE_IDENTIFIER = com.hotstar.com.RestaurentSampleUITests;
				PRODUCT_NAME = "$(TARGET_NAME)";
				SWIFT_VERSION = 4.0;
				TARGETED_DEVICE_FAMILY = "1,2";
				TEST_TARGET_NAME = RestaurentSample;
			};
			name = Debug;
		};
		84F9462A2053B8BD00F940DD /* Release */ = {
			isa = XCBuildConfiguration;
			buildSettings = {
				ALWAYS_EMBED_SWIFT_STANDARD_LIBRARIES = YES;
				CODE_SIGN_STYLE = Automatic;
				INFOPLIST_FILE = RestaurentSampleUITests/Info.plist;
				LD_RUNPATH_SEARCH_PATHS = "$(inherited) @executable_path/Frameworks @loader_path/Frameworks";
				PRODUCT_BUNDLE_IDENTIFIER = com.hotstar.com.RestaurentSampleUITests;
				PRODUCT_NAME = "$(TARGET_NAME)";
				SWIFT_VERSION = 4.0;
				TARGETED_DEVICE_FAMILY = "1,2";
				TEST_TARGET_NAME = RestaurentSample;
			};
			name = Release;
		};
/* End XCBuildConfiguration section */

/* Begin XCConfigurationList section */
		84F945F22053B8BD00F940DD /* Build configuration list for PBXProject "RestaurentSample" */ = {
			isa = XCConfigurationList;
			buildConfigurations = (
				84F946202053B8BD00F940DD /* Debug */,
				84F946212053B8BD00F940DD /* Release */,
			);
			defaultConfigurationIsVisible = 0;
			defaultConfigurationName = Release;
		};
		84F946222053B8BD00F940DD /* Build configuration list for PBXNativeTarget "RestaurentSample" */ = {
			isa = XCConfigurationList;
			buildConfigurations = (
				84F946232053B8BD00F940DD /* Debug */,
				84F946242053B8BD00F940DD /* Release */,
			);
			defaultConfigurationIsVisible = 0;
			defaultConfigurationName = Release;
		};
		84F946252053B8BD00F940DD /* Build configuration list for PBXNativeTarget "RestaurentSampleTests" */ = {
			isa = XCConfigurationList;
			buildConfigurations = (
				84F946262053B8BD00F940DD /* Debug */,
				84F946272053B8BD00F940DD /* Release */,
			);
			defaultConfigurationIsVisible = 0;
			defaultConfigurationName = Release;
		};
		84F946282053B8BD00F940DD /* Build configuration list for PBXNativeTarget "RestaurentSampleUITests" */ = {
			isa = XCConfigurationList;
			buildConfigurations = (
				84F946292053B8BD00F940DD /* Debug */,
				84F9462A2053B8BD00F940DD /* Release */,
			);
			defaultConfigurationIsVisible = 0;
			defaultConfigurationName = Release;
		};
/* End XCConfigurationList section */

/* Begin XCVersionGroup section */
		84F946012053B8BD00F940DD /* RestaurentSample.xcdatamodeld */ = {
			isa = XCVersionGroup;
			children = (
				84F946022053B8BD00F940DD /* RestaurentSample.xcdatamodel */,
			);
			currentVersion = 84F946022053B8BD00F940DD /* RestaurentSample.xcdatamodel */;
			path = RestaurentSample.xcdatamodeld;
			sourceTree = "<group>";
			versionGroupType = wrapper.xcdatamodel;
		};
/* End XCVersionGroup section */
	};
	rootObject = 84F945EF2053B8BD00F940DD /* Project object */;
}
